
Microsoft Visual Studio Solution File, Format Version 10.00
# Visual Studio 2008 Tools for Applications
Project("{FAE04EC0-301F-11D3-BF4B-00C04F79EFBC}") = "Assembly-CSharp-vs", "Assembly-CSharp-vs.csproj", "{48DE6DEC-2441-3974-2E2F-BA94A0FD7FCA}"
EndProject
Global
	GlobalSection(SolutionConfigurationPlatforms) = preSolution
		Debug|Any CPU = Debug|Any CPU
		Release|Any CPU = Release|Any CPU
	EndGlobalSection
	GlobalSection(ProjectConfigurationPlatforms) = postSolution
		{48DE6DEC-2441-3974-2E2F-BA94A0FD7FCA}.Debug|Any CPU.ActiveCfg = Debug|Any CPU
		{48DE6DEC-2441-3974-2E2F-BA94A0FD7FCA}.Debug|Any CPU.Build.0 = Debug|Any CPU
		{48DE6DEC-2441-3974-2E2F-BA94A0FD7FCA}.Release|Any CPU.ActiveCfg = Release|Any CPU
		{48DE6DEC-2441-3974-2E2F-BA94A0FD7FCA}.Release|Any CPU.Build.0 = Release|Any CPU
	EndGlobalSection
	GlobalSection(SolutionProperties) = preSolution
		HideSolutionNode = FALSE
	EndGlobalSection
EndGlobal
